
Microsoft Visual Studio Solution File, Format Version 12.00
# Visual Studio Version 17
VisualStudioVersion = 17.10.35122.118
MinimumVisualStudioVersion = 10.0.40219.1
Project("{8BC9CEB8-8B4A-11D0-8D11-00A0C91BC942}") = "ServerU", "ServerU\ServerU.vcxproj", "{02A82305-C59C-4C99-879E-A74381A9B252}"
EndProject
Project("{8BC9CEB8-8B4A-11D0-8D11-00A0C91BC942}") = "ClientU", "ClientU\ClientU.vcxproj", "{04DBE048-9C2E-4F69-9696-F1EAA51F487D}"
EndProject
Global
	GlobalSection(SolutionConfigurationPlatforms) = preSolution
		Debug|x64 = Debug|x64
		Debug|x86 = Debug|x86
		Release|x64 = Release|x64
		Release|x86 = Release|x86
	EndGlobalSection
	GlobalSection(ProjectConfigurationPlatforms) = postSolution
		{02A82305-C59C-4C99-879E-A74381A9B252}.Debug|x64.ActiveCfg = Debug|x64
		{02A82305-C59C-4C99-879E-A74381A9B252}.Debug|x64.Build.0 = Debug|x64
		{02A82305-C59C-4C99-879E-A74381A9B252}.Debug|x86.ActiveCfg = Debug|Win32
		{02A82305-C59C-4C99-879E-A74381A9B252}.Debug|x86.Build.0 = Debug|Win32
		{02A82305-C59C-4C99-879E-A74381A9B252}.Release|x64.ActiveCfg = Release|x64
		{02A82305-C59C-4C99-879E-A74381A9B252}.Release|x64.Build.0 = Release|x64
		{02A82305-C59C-4C99-879E-A74381A9B252}.Release|x86.ActiveCfg = Release|Win32
		{02A82305-C59C-4C99-879E-A74381A9B252}.Release|x86.Build.0 = Release|Win32
		{04DBE048-9C2E-4F69-9696-F1EAA51F487D}.Debug|x64.ActiveCfg = Debug|x64
		{04DBE048-9C2E-4F69-9696-F1EAA51F487D}.Debug|x64.Build.0 = Debug|x64
		{04DBE048-9C2E-4F69-9696-F1EAA51F487D}.Debug|x86.ActiveCfg = Debug|Win32
		{04DBE048-9C2E-4F69-9696-F1EAA51F487D}.Debug|x86.Build.0 = Debug|Win32
		{04DBE048-9C2E-4F69-9696-F1EAA51F487D}.Release|x64.ActiveCfg = Release|x64
		{04DBE048-9C2E-4F69-9696-F1EAA51F487D}.Release|x64.Build.0 = Release|x64
		{04DBE048-9C2E-4F69-9696-F1EAA51F487D}.Release|x86.ActiveCfg = Release|Win32
		{04DBE048-9C2E-4F69-9696-F1EAA51F487D}.Release|x86.Build.0 = Release|Win32
	EndGlobalSection
	GlobalSection(SolutionProperties) = preSolution
		HideSolutionNode = FALSE
	EndGlobalSection
	GlobalSection(ExtensibilityGlobals) = postSolution
		SolutionGuid = {FEA7D69F-0E81-4531-87CF-D6AAEA1427E2}
	EndGlobalSection
EndGlobal
