
Microsoft Visual Studio Solution File, Format Version 12.00
# Visual Studio Version 17
VisualStudioVersion = 17.10.35122.118
MinimumVisualStudioVersion = 10.0.40219.1
Project("{8BC9CEB8-8B4A-11D0-8D11-00A0C91BC942}") = "os11htapi", "os11htapi\os11htapi.vcxproj", "{2084E10C-FE57-4CCB-98E4-FA5E7324E15F}"
EndProject
Project("{8BC9CEB8-8B4A-11D0-8D11-00A0C91BC942}") = "HT11-Create", "HT11-Create\HT11-Create.vcxproj", "{040FE4D4-E2EC-4484-A161-69904AF26175}"
EndProject
Project("{8BC9CEB8-8B4A-11D0-8D11-00A0C91BC942}") = "ht11-Open", "ht11-Open\ht11-Open.vcxproj", "{97786EA6-F93E-4060-9740-50E0C1C23F55}"
EndProject
Project("{8BC9CEB8-8B4A-11D0-8D11-00A0C91BC942}") = "os11_2", "os11_2\os11_2.vcxproj", "{CDA0F0ED-69A0-47E5-8670-2016F818C58E}"
EndProject
Project("{8BC9CEB8-8B4A-11D0-8D11-00A0C91BC942}") = "os11_03", "os11_03\os11_03.vcxproj", "{45696913-1938-4464-8ED7-7387C0ECA232}"
EndProject
Project("{8BC9CEB8-8B4A-11D0-8D11-00A0C91BC942}") = "os11_04", "os11_04\os11_04.vcxproj", "{F9795DDD-3891-459D-8D32-F7A478DFAC4F}"
EndProject
Global
	GlobalSection(SolutionConfigurationPlatforms) = preSolution
		Debug|x64 = Debug|x64
		Debug|x86 = Debug|x86
		Release|x64 = Release|x64
		Release|x86 = Release|x86
	EndGlobalSection
	GlobalSection(ProjectConfigurationPlatforms) = postSolution
		{2084E10C-FE57-4CCB-98E4-FA5E7324E15F}.Debug|x64.ActiveCfg = Debug|x64
		{2084E10C-FE57-4CCB-98E4-FA5E7324E15F}.Debug|x64.Build.0 = Debug|x64
		{2084E10C-FE57-4CCB-98E4-FA5E7324E15F}.Debug|x86.ActiveCfg = Debug|Win32
		{2084E10C-FE57-4CCB-98E4-FA5E7324E15F}.Debug|x86.Build.0 = Debug|Win32
		{2084E10C-FE57-4CCB-98E4-FA5E7324E15F}.Release|x64.ActiveCfg = Release|x64
		{2084E10C-FE57-4CCB-98E4-FA5E7324E15F}.Release|x64.Build.0 = Release|x64
		{2084E10C-FE57-4CCB-98E4-FA5E7324E15F}.Release|x86.ActiveCfg = Release|Win32
		{2084E10C-FE57-4CCB-98E4-FA5E7324E15F}.Release|x86.Build.0 = Release|Win32
		{040FE4D4-E2EC-4484-A161-69904AF26175}.Debug|x64.ActiveCfg = Debug|x64
		{040FE4D4-E2EC-4484-A161-69904AF26175}.Debug|x64.Build.0 = Debug|x64
		{040FE4D4-E2EC-4484-A161-69904AF26175}.Debug|x86.ActiveCfg = Debug|Win32
		{040FE4D4-E2EC-4484-A161-69904AF26175}.Debug|x86.Build.0 = Debug|Win32
		{040FE4D4-E2EC-4484-A161-69904AF26175}.Release|x64.ActiveCfg = Release|x64
		{040FE4D4-E2EC-4484-A161-69904AF26175}.Release|x64.Build.0 = Release|x64
		{040FE4D4-E2EC-4484-A161-69904AF26175}.Release|x86.ActiveCfg = Release|Win32
		{040FE4D4-E2EC-4484-A161-69904AF26175}.Release|x86.Build.0 = Release|Win32
		{97786EA6-F93E-4060-9740-50E0C1C23F55}.Debug|x64.ActiveCfg = Debug|x64
		{97786EA6-F93E-4060-9740-50E0C1C23F55}.Debug|x64.Build.0 = Debug|x64
		{97786EA6-F93E-4060-9740-50E0C1C23F55}.Debug|x86.ActiveCfg = Debug|Win32
		{97786EA6-F93E-4060-9740-50E0C1C23F55}.Debug|x86.Build.0 = Debug|Win32
		{97786EA6-F93E-4060-9740-50E0C1C23F55}.Release|x64.ActiveCfg = Release|x64
		{97786EA6-F93E-4060-9740-50E0C1C23F55}.Release|x64.Build.0 = Release|x64
		{97786EA6-F93E-4060-9740-50E0C1C23F55}.Release|x86.ActiveCfg = Release|Win32
		{97786EA6-F93E-4060-9740-50E0C1C23F55}.Release|x86.Build.0 = Release|Win32
		{CDA0F0ED-69A0-47E5-8670-2016F818C58E}.Debug|x64.ActiveCfg = Debug|x64
		{CDA0F0ED-69A0-47E5-8670-2016F818C58E}.Debug|x64.Build.0 = Debug|x64
		{CDA0F0ED-69A0-47E5-8670-2016F818C58E}.Debug|x86.ActiveCfg = Debug|Win32
		{CDA0F0ED-69A0-47E5-8670-2016F818C58E}.Debug|x86.Build.0 = Debug|Win32
		{CDA0F0ED-69A0-47E5-8670-2016F818C58E}.Release|x64.ActiveCfg = Release|x64
		{CDA0F0ED-69A0-47E5-8670-2016F818C58E}.Release|x64.Build.0 = Release|x64
		{CDA0F0ED-69A0-47E5-8670-2016F818C58E}.Release|x86.ActiveCfg = Release|Win32
		{CDA0F0ED-69A0-47E5-8670-2016F818C58E}.Release|x86.Build.0 = Release|Win32
		{45696913-1938-4464-8ED7-7387C0ECA232}.Debug|x64.ActiveCfg = Debug|x64
		{45696913-1938-4464-8ED7-7387C0ECA232}.Debug|x64.Build.0 = Debug|x64
		{45696913-1938-4464-8ED7-7387C0ECA232}.Debug|x86.ActiveCfg = Debug|Win32
		{45696913-1938-4464-8ED7-7387C0ECA232}.Debug|x86.Build.0 = Debug|Win32
		{45696913-1938-4464-8ED7-7387C0ECA232}.Release|x64.ActiveCfg = Release|x64
		{45696913-1938-4464-8ED7-7387C0ECA232}.Release|x64.Build.0 = Release|x64
		{45696913-1938-4464-8ED7-7387C0ECA232}.Release|x86.ActiveCfg = Release|Win32
		{45696913-1938-4464-8ED7-7387C0ECA232}.Release|x86.Build.0 = Release|Win32
		{F9795DDD-3891-459D-8D32-F7A478DFAC4F}.Debug|x64.ActiveCfg = Debug|x64
		{F9795DDD-3891-459D-8D32-F7A478DFAC4F}.Debug|x64.Build.0 = Debug|x64
		{F9795DDD-3891-459D-8D32-F7A478DFAC4F}.Debug|x86.ActiveCfg = Debug|Win32
		{F9795DDD-3891-459D-8D32-F7A478DFAC4F}.Debug|x86.Build.0 = Debug|Win32
		{F9795DDD-3891-459D-8D32-F7A478DFAC4F}.Release|x64.ActiveCfg = Release|x64
		{F9795DDD-3891-459D-8D32-F7A478DFAC4F}.Release|x64.Build.0 = Release|x64
		{F9795DDD-3891-459D-8D32-F7A478DFAC4F}.Release|x86.ActiveCfg = Release|Win32
		{F9795DDD-3891-459D-8D32-F7A478DFAC4F}.Release|x86.Build.0 = Release|Win32
	EndGlobalSection
	GlobalSection(SolutionProperties) = preSolution
		HideSolutionNode = FALSE
	EndGlobalSection
	GlobalSection(ExtensibilityGlobals) = postSolution
		SolutionGuid = {06DB0212-19AA-499C-A121-7CEC5188FD19}
	EndGlobalSection
EndGlobal
