
Microsoft Visual Studio Solution File, Format Version 12.00
# Visual Studio Version 17
VisualStudioVersion = 17.10.35122.118
MinimumVisualStudioVersion = 10.0.40219.1
Project("{8BC9CEB8-8B4A-11D0-8D11-00A0C91BC942}") = "ServerMS", "ServerMS\ServerMS.vcxproj", "{49C0A3D0-6ADF-4B62-9CA1-DA081FBDC5F6}"
EndProject
Project("{8BC9CEB8-8B4A-11D0-8D11-00A0C91BC942}") = "ClientMS", "ClientMS\ClientMS.vcxproj", "{37BB89BE-601B-4E45-8A1F-95DCC2B07F3A}"
EndProject
Global
	GlobalSection(SolutionConfigurationPlatforms) = preSolution
		Debug|x64 = Debug|x64
		Debug|x86 = Debug|x86
		Release|x64 = Release|x64
		Release|x86 = Release|x86
	EndGlobalSection
	GlobalSection(ProjectConfigurationPlatforms) = postSolution
		{49C0A3D0-6ADF-4B62-9CA1-DA081FBDC5F6}.Debug|x64.ActiveCfg = Debug|x64
		{49C0A3D0-6ADF-4B62-9CA1-DA081FBDC5F6}.Debug|x64.Build.0 = Debug|x64
		{49C0A3D0-6ADF-4B62-9CA1-DA081FBDC5F6}.Debug|x86.ActiveCfg = Debug|Win32
		{49C0A3D0-6ADF-4B62-9CA1-DA081FBDC5F6}.Debug|x86.Build.0 = Debug|Win32
		{49C0A3D0-6ADF-4B62-9CA1-DA081FBDC5F6}.Release|x64.ActiveCfg = Release|x64
		{49C0A3D0-6ADF-4B62-9CA1-DA081FBDC5F6}.Release|x64.Build.0 = Release|x64
		{49C0A3D0-6ADF-4B62-9CA1-DA081FBDC5F6}.Release|x86.ActiveCfg = Release|Win32
		{49C0A3D0-6ADF-4B62-9CA1-DA081FBDC5F6}.Release|x86.Build.0 = Release|Win32
		{37BB89BE-601B-4E45-8A1F-95DCC2B07F3A}.Debug|x64.ActiveCfg = Debug|x64
		{37BB89BE-601B-4E45-8A1F-95DCC2B07F3A}.Debug|x64.Build.0 = Debug|x64
		{37BB89BE-601B-4E45-8A1F-95DCC2B07F3A}.Debug|x86.ActiveCfg = Debug|Win32
		{37BB89BE-601B-4E45-8A1F-95DCC2B07F3A}.Debug|x86.Build.0 = Debug|Win32
		{37BB89BE-601B-4E45-8A1F-95DCC2B07F3A}.Release|x64.ActiveCfg = Release|x64
		{37BB89BE-601B-4E45-8A1F-95DCC2B07F3A}.Release|x64.Build.0 = Release|x64
		{37BB89BE-601B-4E45-8A1F-95DCC2B07F3A}.Release|x86.ActiveCfg = Release|Win32
		{37BB89BE-601B-4E45-8A1F-95DCC2B07F3A}.Release|x86.Build.0 = Release|Win32
	EndGlobalSection
	GlobalSection(SolutionProperties) = preSolution
		HideSolutionNode = FALSE
	EndGlobalSection
	GlobalSection(ExtensibilityGlobals) = postSolution
		SolutionGuid = {E334BCB1-3373-41BD-BF85-F4AB7B480282}
	EndGlobalSection
EndGlobal
